
Microsoft Visual Studio Solution File, Format Version 12.00
# Visual Studio Version 17
VisualStudioVersion = 17.2.32616.157
MinimumVisualStudioVersion = 10.0.40219.1
Project("{9A19103F-16F7-4668-BE54-9A1E7A4F7556}") = "RPN", "RPN\RPN.csproj", "{6C3CFB2A-8FAF-4A79-B69C-C1097FFAEA22}"
EndProject
Project("{9A19103F-16F7-4668-BE54-9A1E7A4F7556}") = "Applications", "Applications\Applications.csproj", "{022DBEBD-ED2A-4461-ABD1-4F36B95E0BC2}"
EndProject
Project("{FAE04EC0-301F-11D3-BF4B-00C04F79EFBC}") = "TestProject1", "TestProject1\TestProject1.csproj", "{E519F241-197A-46A9-AA22-B167B5C10946}"
EndProject
Global
	GlobalSection(SolutionConfigurationPlatforms) = preSolution
		Debug|Any CPU = Debug|Any CPU
		Release|Any CPU = Release|Any CPU
	EndGlobalSection
	GlobalSection(ProjectConfigurationPlatforms) = postSolution
		{6C3CFB2A-8FAF-4A79-B69C-C1097FFAEA22}.Debug|Any CPU.ActiveCfg = Debug|Any CPU
		{6C3CFB2A-8FAF-4A79-B69C-C1097FFAEA22}.Debug|Any CPU.Build.0 = Debug|Any CPU
		{6C3CFB2A-8FAF-4A79-B69C-C1097FFAEA22}.Release|Any CPU.ActiveCfg = Release|Any CPU
		{6C3CFB2A-8FAF-4A79-B69C-C1097FFAEA22}.Release|Any CPU.Build.0 = Release|Any CPU
		{022DBEBD-ED2A-4461-ABD1-4F36B95E0BC2}.Debug|Any CPU.ActiveCfg = Debug|Any CPU
		{022DBEBD-ED2A-4461-ABD1-4F36B95E0BC2}.Debug|Any CPU.Build.0 = Debug|Any CPU
		{022DBEBD-ED2A-4461-ABD1-4F36B95E0BC2}.Release|Any CPU.ActiveCfg = Release|Any CPU
		{022DBEBD-ED2A-4461-ABD1-4F36B95E0BC2}.Release|Any CPU.Build.0 = Release|Any CPU
		{E519F241-197A-46A9-AA22-B167B5C10946}.Debug|Any CPU.ActiveCfg = Debug|Any CPU
		{E519F241-197A-46A9-AA22-B167B5C10946}.Debug|Any CPU.Build.0 = Debug|Any CPU
		{E519F241-197A-46A9-AA22-B167B5C10946}.Release|Any CPU.ActiveCfg = Release|Any CPU
		{E519F241-197A-46A9-AA22-B167B5C10946}.Release|Any CPU.Build.0 = Release|Any CPU
	EndGlobalSection
	GlobalSection(SolutionProperties) = preSolution
		HideSolutionNode = FALSE
	EndGlobalSection
	GlobalSection(ExtensibilityGlobals) = postSolution
		SolutionGuid = {847548B0-6B42-432A-BABC-B3FC5E6126B4}
	EndGlobalSection
EndGlobal
