
Microsoft Visual Studio Solution File, Format Version 12.00
# Visual Studio Version 17
VisualStudioVersion = 17.2.32602.215
MinimumVisualStudioVersion = 10.0.40219.1
Project("{9A19103F-16F7-4668-BE54-9A1E7A4F7556}") = "Core", "src\Core\Core.csproj", "{3C5AB7A1-5BA6-46E3-A8C0-F12E4505E63E}"
EndProject
Project("{9A19103F-16F7-4668-BE54-9A1E7A4F7556}") = "Applications", "src\Applications\Applications.csproj", "{2DE4585D-D5CF-4C28-87DE-25EDFBF1C653}"
EndProject
Project("{FAE04EC0-301F-11D3-BF4B-00C04F79EFBC}") = "TestProject1", "TestProject1\TestProject1.csproj", "{4AB44F33-693A-4C70-85F4-39C542135858}"
EndProject
Global
	GlobalSection(SolutionConfigurationPlatforms) = preSolution
		Debug|Any CPU = Debug|Any CPU
		Debug|x64 = Debug|x64
		Release|Any CPU = Release|Any CPU
		Release|x64 = Release|x64
	EndGlobalSection
	GlobalSection(ProjectConfigurationPlatforms) = postSolution
		{3C5AB7A1-5BA6-46E3-A8C0-F12E4505E63E}.Debug|Any CPU.ActiveCfg = Debug|Any CPU
		{3C5AB7A1-5BA6-46E3-A8C0-F12E4505E63E}.Debug|Any CPU.Build.0 = Debug|Any CPU
		{3C5AB7A1-5BA6-46E3-A8C0-F12E4505E63E}.Debug|x64.ActiveCfg = Debug|x64
		{3C5AB7A1-5BA6-46E3-A8C0-F12E4505E63E}.Debug|x64.Build.0 = Debug|x64
		{3C5AB7A1-5BA6-46E3-A8C0-F12E4505E63E}.Release|Any CPU.ActiveCfg = Release|Any CPU
		{3C5AB7A1-5BA6-46E3-A8C0-F12E4505E63E}.Release|Any CPU.Build.0 = Release|Any CPU
		{3C5AB7A1-5BA6-46E3-A8C0-F12E4505E63E}.Release|x64.ActiveCfg = Release|x64
		{3C5AB7A1-5BA6-46E3-A8C0-F12E4505E63E}.Release|x64.Build.0 = Release|x64
		{2DE4585D-D5CF-4C28-87DE-25EDFBF1C653}.Debug|Any CPU.ActiveCfg = Debug|Any CPU
		{2DE4585D-D5CF-4C28-87DE-25EDFBF1C653}.Debug|Any CPU.Build.0 = Debug|Any CPU
		{2DE4585D-D5CF-4C28-87DE-25EDFBF1C653}.Debug|x64.ActiveCfg = Debug|x64
		{2DE4585D-D5CF-4C28-87DE-25EDFBF1C653}.Debug|x64.Build.0 = Debug|x64
		{2DE4585D-D5CF-4C28-87DE-25EDFBF1C653}.Release|Any CPU.ActiveCfg = Release|Any CPU
		{2DE4585D-D5CF-4C28-87DE-25EDFBF1C653}.Release|Any CPU.Build.0 = Release|Any CPU
		{2DE4585D-D5CF-4C28-87DE-25EDFBF1C653}.Release|x64.ActiveCfg = Release|x64
		{2DE4585D-D5CF-4C28-87DE-25EDFBF1C653}.Release|x64.Build.0 = Release|x64
		{4AB44F33-693A-4C70-85F4-39C542135858}.Debug|Any CPU.ActiveCfg = Debug|Any CPU
		{4AB44F33-693A-4C70-85F4-39C542135858}.Debug|Any CPU.Build.0 = Debug|Any CPU
		{4AB44F33-693A-4C70-85F4-39C542135858}.Debug|x64.ActiveCfg = Debug|Any CPU
		{4AB44F33-693A-4C70-85F4-39C542135858}.Debug|x64.Build.0 = Debug|Any CPU
		{4AB44F33-693A-4C70-85F4-39C542135858}.Release|Any CPU.ActiveCfg = Release|Any CPU
		{4AB44F33-693A-4C70-85F4-39C542135858}.Release|Any CPU.Build.0 = Release|Any CPU
		{4AB44F33-693A-4C70-85F4-39C542135858}.Release|x64.ActiveCfg = Release|Any CPU
		{4AB44F33-693A-4C70-85F4-39C542135858}.Release|x64.Build.0 = Release|Any CPU
	EndGlobalSection
	GlobalSection(SolutionProperties) = preSolution
		HideSolutionNode = FALSE
	EndGlobalSection
	GlobalSection(ExtensibilityGlobals) = postSolution
		SolutionGuid = {3A5AE7E8-E9AC-4361-BF22-1F7B996640F1}
	EndGlobalSection
EndGlobal
